
Microsoft Visual Studio Solution File, Format Version 12.00
# Visual Studio Version 17
VisualStudioVersion = 17.8.34330.188
MinimumVisualStudioVersion = 10.0.40219.1
Project("{FAE04EC0-301F-11D3-BF4B-00C04F79EFBC}") = "SalesWebMvc", "SalesWebMvc\SalesWebMvc.csproj", "{783E2194-DC1A-4CEE-BEDE-08DC1F8DE700}"
EndProject
Global
	GlobalSection(SolutionConfigurationPlatforms) = preSolution
		Debug|Any CPU = Debug|Any CPU
		Release|Any CPU = Release|Any CPU
	EndGlobalSection
	GlobalSection(ProjectConfigurationPlatforms) = postSolution
		{783E2194-DC1A-4CEE-BEDE-08DC1F8DE700}.Debug|Any CPU.ActiveCfg = Debug|Any CPU
		{783E2194-DC1A-4CEE-BEDE-08DC1F8DE700}.Debug|Any CPU.Build.0 = Debug|Any CPU
		{783E2194-DC1A-4CEE-BEDE-08DC1F8DE700}.Release|Any CPU.ActiveCfg = Release|Any CPU
		{783E2194-DC1A-4CEE-BEDE-08DC1F8DE700}.Release|Any CPU.Build.0 = Release|Any CPU
	EndGlobalSection
	GlobalSection(SolutionProperties) = preSolution
		HideSolutionNode = FALSE
	EndGlobalSection
	GlobalSection(ExtensibilityGlobals) = postSolution
		SolutionGuid = {BA4BD4E5-3E89-4660-94A5-736D86004BD8}
	EndGlobalSection
EndGlobal
